<?xml version="1.0" encoding="utf-8"?>
<Project ToolsVersion="4.0" xmlns="http://schemas.microsoft.com/developer/msbuild/2003">
  <ItemGroup>
    <Filter Include="소스 파일">
      <UniqueIdentifier>{4FC737F1-C7A5-4376-A066-2A32D752A2FF}</UniqueIdentifier>
      <Extensions>cpp;c;cc;cxx;def;odl;idl;hpj;bat;asm;asmx</Extensions>
    </Filter>
    <Filter Include="헤더 파일">
      <UniqueIdentifier>{93995380-89BD-4b04-88EB-625FBE52EBFB}</UniqueIdentifier>
      <Extensions>h;hh;hpp;hxx;hm;inl;inc;xsd</Extensions>
    </Filter>
    <Filter Include="리소스 파일">
      <UniqueIdentifier>{67DA6AB6-F800-4c08-8B7A-83BB121AAD01}</UniqueIdentifier>
      <Extensions>rc;ico;cur;bmp;dlg;rc2;rct;bin;rgs;gif;jpg;jpeg;jpe;resx;tiff;tif;png;wav;mfcribbon-ms</Extensions>
    </Filter>
    <Filter Include="소스 파일\Screen">
      <UniqueIdentifier>{0e6515e4-e96d-4867-9b02-f358a5955be9}</UniqueIdentifier>
    </Filter>
    <Filter Include="소스 파일\Calendar">
      <UniqueIdentifier>{318126de-e726-40ad-91aa-9f22d04d5b58}</UniqueIdentifier>
    </Filter>
    <Filter Include="소스 파일\Other">
      <UniqueIdentifier>{b5c8d0a5-1702-4d2c-b041-5e23a79d0534}</UniqueIdentifier>
    </Filter>
    <Filter Include="소스 파일\CalendarOption">
      <UniqueIdentifier>{1b5c3e16-4287-4b13-9513-5a206038d0ea}</UniqueIdentifier>
    </Filter>
    <Filter Include="소스 파일\Game">
      <UniqueIdentifier>{33e62811-bca4-4331-bdb8-3004401c52bc}</UniqueIdentifier>
    </Filter>
  </ItemGroup>
  <ItemGroup>
    <ClCompile Include="MAIN.cpp">
      <Filter>소스 파일</Filter>
    </ClCompile>
    <ClCompile Include="ChangeColor.cpp">
      <Filter>소스 파일\CalendarOption</Filter>
    </ClCompile>
    <ClCompile Include="Calendar_Month.cpp">
      <Filter>소스 파일\Calendar</Filter>
    </ClCompile>
    <ClCompile Include="Calendar_Week.cpp">
      <Filter>소스 파일\Calendar</Filter>
    </ClCompile>
    <ClCompile Include="Go_to_xy.cpp">
      <Filter>소스 파일\Other</Filter>
    </ClCompile>
    <ClCompile Include="Calendar_Option1.cpp">
      <Filter>소스 파일\CalendarOption</Filter>
    </ClCompile>
    <ClCompile Include="Calendar_Option2.cpp">
      <Filter>소스 파일\CalendarOption</Filter>
    </ClCompile>
    <ClCompile Include="Calendar_Option3.cpp">
      <Filter>소스 파일\CalendarOption</Filter>
    </ClCompile>
    <ClCompile Include="Calendar_Option4.cpp">
      <Filter>소스 파일\CalendarOption</Filter>
    </ClCompile>
    <ClCompile Include="Tetris.cpp">
      <Filter>소스 파일\Game</Filter>
    </ClCompile>
    <ClCompile Include="Main_Screen.cpp">
      <Filter>소스 파일\Screen</Filter>
    </ClCompile>
  </ItemGroup>
  <ItemGroup>
    <ClInclude Include="Screen.h">
      <Filter>헤더 파일</Filter>
    </ClInclude>
    <ClInclude Include="Calendar.h">
      <Filter>헤더 파일</Filter>
    </ClInclude>
    <ClInclude Include="Go_to_xy.h">
      <Filter>헤더 파일</Filter>
    </ClInclude>
    <ClInclude Include="Color_String.h">
      <Filter>헤더 파일</Filter>
    </ClInclude>
    <ClInclude Include="Calendar_Option.h">
      <Filter>헤더 파일</Filter>
    </ClInclude>
    <ClInclude Include="Tetris.h">
      <Filter>헤더 파일</Filter>
    </ClInclude>
  </ItemGroup>
</Project>